
Microsoft Visual Studio Solution File, Format Version 12.00
# Visual Studio Version 17
VisualStudioVersion = 17.0.31903.59
MinimumVisualStudioVersion = 10.0.40219.1
Project("{FAE04EC0-301F-11D3-BF4B-00C04F79EFBC}") = "Questao3", "Questao3\Questao3.csproj", "{1822FFA6-3A37-4654-8559-43E134FDD1EB}"
EndProject
Global
	GlobalSection(SolutionConfigurationPlatforms) = preSolution
		Debug|Any CPU = Debug|Any CPU
		Release|Any CPU = Release|Any CPU
	EndGlobalSection
	GlobalSection(SolutionProperties) = preSolution
		HideSolutionNode = FALSE
	EndGlobalSection
	GlobalSection(ProjectConfigurationPlatforms) = postSolution
		{1822FFA6-3A37-4654-8559-43E134FDD1EB}.Debug|Any CPU.ActiveCfg = Debug|Any CPU
		{1822FFA6-3A37-4654-8559-43E134FDD1EB}.Debug|Any CPU.Build.0 = Debug|Any CPU
		{1822FFA6-3A37-4654-8559-43E134FDD1EB}.Release|Any CPU.ActiveCfg = Release|Any CPU
		{1822FFA6-3A37-4654-8559-43E134FDD1EB}.Release|Any CPU.Build.0 = Release|Any CPU
	EndGlobalSection
EndGlobal
